
Microsoft Visual Studio Solution File, Format Version 12.00
# Visual Studio Version 16
VisualStudioVersion = 16.0.30413.136
MinimumVisualStudioVersion = 10.0.40219.1
Project("{FAE04EC0-301F-11D3-BF4B-00C04F79EFBC}") = "AspNetCore31Tc", "AspNetCore31Tc.csproj", "{0C94E168-4FDD-4A46-A92C-C53E4587E79A}"
EndProject
Global
	GlobalSection(SolutionConfigurationPlatforms) = preSolution
		Debug|Any CPU = Debug|Any CPU
		Release|Any CPU = Release|Any CPU
	EndGlobalSection
	GlobalSection(ProjectConfigurationPlatforms) = postSolution
		{0C94E168-4FDD-4A46-A92C-C53E4587E79A}.Debug|Any CPU.ActiveCfg = Debug|Any CPU
		{0C94E168-4FDD-4A46-A92C-C53E4587E79A}.Debug|Any CPU.Build.0 = Debug|Any CPU
		{0C94E168-4FDD-4A46-A92C-C53E4587E79A}.Release|Any CPU.ActiveCfg = Release|Any CPU
		{0C94E168-4FDD-4A46-A92C-C53E4587E79A}.Release|Any CPU.Build.0 = Release|Any CPU
	EndGlobalSection
	GlobalSection(SolutionProperties) = preSolution
		HideSolutionNode = FALSE
	EndGlobalSection
	GlobalSection(ExtensibilityGlobals) = postSolution
		SolutionGuid = {F7E64EB5-F497-4FD2-9D5F-F5684B0469E9}
	EndGlobalSection
EndGlobal
